{
  "name": "@eldoy/http-proxy",
  "version": "0.1.0",
  "lockfileVersion": 3,
  "requires": true,
  "packages": {
    "": {
      "name": "@eldoy/http-proxy",
      "version": "0.1.0",
      "license": "UNLICENSED",
      "devDependencies": {},
      "engines": {
        "node": ">=24"
      }
    }
  }
}
